schema: '2.0'
stages:
  ingest:
    cmd: python3 src/ingestion.py
    outs:
    - path: data/raw/wine_quality.csv
      hash: md5
      md5: fb73f4f9ea1741d508cfd2db676fc352
      size: 415030
  preprocess:
    cmd: python3 src/preprocessing.py
    deps:
    - path: data/raw/wine_quality.csv
      hash: md5
      md5: fb73f4f9ea1741d508cfd2db676fc352
      size: 415030
    - path: src/preprocessing.py
      hash: md5
      md5: adb07cd7609fb419b428a2a1fc180640
      size: 1757
    outs:
    - path: data/processed/wine_processed.parquet
      hash: md5
      md5: 3c593bad90865dcfc02f6b3132581b91
      size: 99533
  prepare:
    cmd: python3 src/prepare_data.py
    deps:
    - path: data/processed/wine_processed.parquet
      hash: md5
      md5: 3c593bad90865dcfc02f6b3132581b91
      size: 99533
    - path: src/prepare_data.py
      hash: md5
      md5: 72ba7c992ceb170dccd720dd3fc575cf
      size: 2181
    outs:
    - path: data/processed/splits/test.parquet
      hash: md5
      md5: 19902c0434b32c5149f66f79d862752a
      size: 33204
    - path: data/processed/splits/train.parquet
      hash: md5
      md5: 5c0fc59de901e66279191aa78d97664f
      size: 67375
    - path: data/processed/splits/val.parquet
      hash: md5
      md5: 567a713811676e1b979e5bb4272d29c9
      size: 32894
  train:
    cmd: python3 src/train.py
    deps:
    - path: data/processed/splits/train.parquet
      hash: md5
      md5: 5c0fc59de901e66279191aa78d97664f
      size: 67375
    - path: data/processed/splits/val.parquet
      hash: md5
      md5: 567a713811676e1b979e5bb4272d29c9
      size: 32894
    - path: src/train.py
      hash: md5
      md5: 2e5ceefa3d770b73cdc6f7d06ca127b2
      size: 8599
    outs:
    - path: models/best_model.pkl
      hash: md5
      md5: 73d768ae62cc649b4577f3bef02faaba
      size: 33305018
    - path: models/trained/hist_gradient_boosting_regressor.joblib
      hash: md5
      md5: 5d58e20cf84ffdf572680d1c9347e662
      size: 1466921
    - path: models/trained/random_forest_regressor.joblib
      hash: md5
      md5: 7a74476eb5c4dbdaa653ba92f1c189f3
      size: 33304730
    - path: models/trained/xgboost_regressor.joblib
      hash: md5
      md5: f5e7004e7452b077c67f668f56d79a50
      size: 1598996
    - path: reports/training_report.json
      hash: md5
      md5: a129836163d7182c4f0a095400114b0d
      size: 861
  evaluate:
    cmd: python3 src/evaluate.py
    deps:
    - path: data/processed/splits/test.parquet
      hash: md5
      md5: 19902c0434b32c5149f66f79d862752a
      size: 33204
    - path: models/best_model.pkl
      hash: md5
      md5: 73d768ae62cc649b4577f3bef02faaba
      size: 33305018
    - path: models/trained/hist_gradient_boosting_regressor.joblib
      hash: md5
      md5: 5d58e20cf84ffdf572680d1c9347e662
      size: 1466921
    - path: models/trained/random_forest_regressor.joblib
      hash: md5
      md5: 7a74476eb5c4dbdaa653ba92f1c189f3
      size: 33304730
    - path: models/trained/xgboost_regressor.joblib
      hash: md5
      md5: f5e7004e7452b077c67f668f56d79a50
      size: 1598996
    - path: src/evaluate.py
      hash: md5
      md5: b044eb3f067120ff56935bdc9dff4c01
      size: 5127
    outs:
    - path: reports/confusion_matrix_best_bundle.png
      hash: md5
      md5: 80672d78530e15ede14034b5e222f201
      size: 30947
    - path: reports/evaluation_report.json
      hash: md5
      md5: 146ac649c0a49fddfa9df28b43bed34b
      size: 692
