schema: '2.0'
stages:
  ingest:
    cmd: python3 src/ingestion.py
    outs:
    - path: data/raw/wine_quality.csv
      hash: md5
      md5: a543a802db68dbdbbdb962fae7606144
      size: 446071
  preprocess:
    cmd: python3 src/preprocessing.py
    deps:
    - path: data/raw/wine_quality.csv
      hash: md5
      md5: a543a802db68dbdbbdb962fae7606144
      size: 446071
    - path: src/preprocessing.py
      hash: md5
      md5: 4e6864c011f9f5b339a2b15edd925cb1
      size: 1628
    outs:
    - path: data/processed/wine_processed.parquet
      hash: md5
      md5: dba058379a2a0e2fdc82200089336105
      size: 99870
  prepare:
    cmd: python3 src/prepare_data.py
    deps:
    - path: data/processed/wine_processed.parquet
      hash: md5
      md5: dba058379a2a0e2fdc82200089336105
      size: 99870
    - path: src/prepare_data.py
      hash: md5
      md5: 72ba7c992ceb170dccd720dd3fc575cf
      size: 2181
    outs:
    - path: data/processed/splits/test.parquet
      hash: md5
      md5: 7139622a499c22dc6c2507854d9d33cc
      size: 33084
    - path: data/processed/splits/train.parquet
      hash: md5
      md5: 5e7818da6c95ecaead93474c3c4ef436
      size: 67212
    - path: data/processed/splits/val.parquet
      hash: md5
      md5: 2821e3ffb8c2ce784b06f73d2f644467
      size: 32979
  train:
    cmd: python3 src/train.py
    deps:
    - path: data/processed/splits/train.parquet
      hash: md5
      md5: 5e7818da6c95ecaead93474c3c4ef436
      size: 67212
    - path: data/processed/splits/val.parquet
      hash: md5
      md5: 2821e3ffb8c2ce784b06f73d2f644467
      size: 32979
    - path: src/train.py
      hash: md5
      md5: 2e5ceefa3d770b73cdc6f7d06ca127b2
      size: 8599
    outs:
    - path: models/best_model.pkl
      hash: md5
      md5: 8c6c21614d3b6cced3c20a6dd62a3635
      size: 56083354
    - path: models/trained/hist_gradient_boosting_regressor.joblib
      hash: md5
      md5: b6155d0011f1becbf76243e7b2df4e0c
      size: 1395801
    - path: models/trained/random_forest_regressor.joblib
      hash: md5
      md5: a1f91d80afb1581a861ead0d06f4f4b8
      size: 56083082
    - path: models/trained/xgboost_regressor.joblib
      hash: md5
      md5: 6ae6ee5932309117307562836ce01d69
      size: 1619221
    - path: reports/training_report.json
      hash: md5
      md5: 5515eb4af207d11ed19a8bf6b81a4f2d
      size: 860
  evaluate:
    cmd: python3 src/evaluate.py
    deps:
    - path: data/processed/splits/test.parquet
      hash: md5
      md5: 7139622a499c22dc6c2507854d9d33cc
      size: 33084
    - path: models/best_model.pkl
      hash: md5
      md5: 8c6c21614d3b6cced3c20a6dd62a3635
      size: 56083354
    - path: models/trained/hist_gradient_boosting_regressor.joblib
      hash: md5
      md5: b6155d0011f1becbf76243e7b2df4e0c
      size: 1395801
    - path: models/trained/random_forest_regressor.joblib
      hash: md5
      md5: a1f91d80afb1581a861ead0d06f4f4b8
      size: 56083082
    - path: models/trained/xgboost_regressor.joblib
      hash: md5
      md5: 6ae6ee5932309117307562836ce01d69
      size: 1619221
    - path: src/evaluate.py
      hash: md5
      md5: b044eb3f067120ff56935bdc9dff4c01
      size: 5127
    outs:
    - path: reports/confusion_matrix_best_bundle.png
      hash: md5
      md5: b14993cfcc60568bf4ba0b245e4adaba
      size: 27762
    - path: reports/evaluation_report.json
      hash: md5
      md5: e3d077d359db5c5f5eb962267787a295
      size: 689
  prepare_supabase_predictions_table:
    cmd: python3 src/prepare_supabase_predictions_table.py
    deps:
    - path: src/prepare_supabase_predictions_table.py
      hash: md5
      md5: b665161ac096ac646be65cdc260a6f13
      size: 1360
    - path: supabase_logger.py
      hash: md5
      md5: 2850e137aeb33bba18a5e6fd2f71746b
      size: 6961
    outs:
    - path: reports/supabase_predictions_table_ready.txt
      hash: md5
      md5: 6678432fcf4f10f547b464bc00d39271
      size: 159
